# This file was autogenerated by Stack.
# You should not edit this file by hand.
# For more information, please see the documentation at:
#   https://docs.haskellstack.org/en/stable/lock_files

packages:
- completed:
    name: aeson
    version: 1.5.6.0
    git: https://github.com/stevehartdata/aeson.git
    pantry-tree:
      size: 119933
      sha256: 1820b5896db0bc630273e8e78583993d4915c7044734320a249c519a9f420d7b
    commit: 9386637272569bcedae82325287dbabe21541bf6
  original:
    git: https://github.com/stevehartdata/aeson.git
    commit: 9386637272569bcedae82325287dbabe21541bf6
- completed:
    hackage: http-client-0.7.10@sha256:8eac235f5beeec9b748021e5e89dde20b192c2c2d037823a205200b5bcd91838,5401
    pantry-tree:
      size: 2459
      sha256: 27590d021f8b8588518948407a73c474cde08301da2882215e6cd9f2faab8c20
  original:
    hackage: http-client-0.7.10
snapshots:
- completed:
    size: 587819
    url: https://raw.githubusercontent.com/commercialhaskell/stackage-snapshots/master/lts/18/23.yaml
    sha256: 7f69bb29a57495586e7e3ed31ecc59c0d2c959cb23bd52b71ca676f254c9beb1
  original: lts-18.23
